Microsoft Visual Studio Solution File, Format Version 12.00
# Visual Studio Version 17
VisualStudioVersion = 17.5.2.0
MinimumVisualStudioVersion = 10.0.40219.1
Project("{FAE04EC0-301F-11D3-BF4B-00C04F79EFBC}") = "PBL3_Interface", "PBL3_Interface.csproj", "{51BC49C6-6963-C7B4-7CCE-C800BD3199FC}"
EndProject
Global
	GlobalSection(SolutionConfigurationPlatforms) = preSolution
		Debug|Any CPU = Debug|Any CPU
		Release|Any CPU = Release|Any CPU
	EndGlobalSection
	GlobalSection(ProjectConfigurationPlatforms) = postSolution
		{51BC49C6-6963-C7B4-7CCE-C800BD3199FC}.Debug|Any CPU.ActiveCfg = Debug|Any CPU
		{51BC49C6-6963-C7B4-7CCE-C800BD3199FC}.Debug|Any CPU.Build.0 = Debug|Any CPU
		{51BC49C6-6963-C7B4-7CCE-C800BD3199FC}.Release|Any CPU.ActiveCfg = Release|Any CPU
		{51BC49C6-6963-C7B4-7CCE-C800BD3199FC}.Release|Any CPU.Build.0 = Release|Any CPU
	EndGlobalSection
	GlobalSection(SolutionProperties) = preSolution
		HideSolutionNode = FALSE
	EndGlobalSection
	GlobalSection(ExtensibilityGlobals) = postSolution
		SolutionGuid = {23DF08AD-C6C1-4576-A7B1-890C7576BC75}
	EndGlobalSection
EndGlobal
